
Microsoft Visual Studio Solution File, Format Version 12.00
# Visual Studio Version 16
VisualStudioVersion = 16.0.31005.135
MinimumVisualStudioVersion = 10.0.40219.1
Project("{FAE04EC0-301F-11D3-BF4B-00C04F79EFBC}") = "PCPW2", "PCPW2.csproj", "{44250EA7-BFF1-435C-B755-D06A78D26258}"
EndProject
Global
	GlobalSection(SolutionConfigurationPlatforms) = preSolution
		Debug|Any CPU = Debug|Any CPU
		Release|Any CPU = Release|Any CPU
	EndGlobalSection
	GlobalSection(ProjectConfigurationPlatforms) = postSolution
		{44250EA7-BFF1-435C-B755-D06A78D26258}.Debug|Any CPU.ActiveCfg = Debug|Any CPU
		{44250EA7-BFF1-435C-B755-D06A78D26258}.Debug|Any CPU.Build.0 = Debug|Any CPU
		{44250EA7-BFF1-435C-B755-D06A78D26258}.Release|Any CPU.ActiveCfg = Release|Any CPU
		{44250EA7-BFF1-435C-B755-D06A78D26258}.Release|Any CPU.Build.0 = Release|Any CPU
	EndGlobalSection
	GlobalSection(SolutionProperties) = preSolution
		HideSolutionNode = FALSE
	EndGlobalSection
	GlobalSection(ExtensibilityGlobals) = postSolution
		SolutionGuid = {AFFAC5F9-8720-4111-914C-CF130ABB1EAE}
	EndGlobalSection
EndGlobal
